
Microsoft Visual Studio Solution File, Format Version 12.00
# Visual Studio Version 16
VisualStudioVersion = 16.0.31112.23
MinimumVisualStudioVersion = 10.0.40219.1
Project("{FAE04EC0-301F-11D3-BF4B-00C04F79EFBC}") = "GetToKnowClassmatesArrayLab", "GetToKnowClassmatesArrayLab\GetToKnowClassmatesArrayLab.csproj", "{CA1652D8-8FC8-465D-AB2F-42F6A69143A2}"
EndProject
Global
	GlobalSection(SolutionConfigurationPlatforms) = preSolution
		Debug|Any CPU = Debug|Any CPU
		Release|Any CPU = Release|Any CPU
	EndGlobalSection
	GlobalSection(ProjectConfigurationPlatforms) = postSolution
		{CA1652D8-8FC8-465D-AB2F-42F6A69143A2}.Debug|Any CPU.ActiveCfg = Debug|Any CPU
		{CA1652D8-8FC8-465D-AB2F-42F6A69143A2}.Debug|Any CPU.Build.0 = Debug|Any CPU
		{CA1652D8-8FC8-465D-AB2F-42F6A69143A2}.Release|Any CPU.ActiveCfg = Release|Any CPU
		{CA1652D8-8FC8-465D-AB2F-42F6A69143A2}.Release|Any CPU.Build.0 = Release|Any CPU
	EndGlobalSection
	GlobalSection(SolutionProperties) = preSolution
		HideSolutionNode = FALSE
	EndGlobalSection
	GlobalSection(ExtensibilityGlobals) = postSolution
		SolutionGuid = {582DBF65-F769-4C3B-95DB-CDE9E711B8D2}
	EndGlobalSection
EndGlobal
